
Microsoft Visual Studio Solution File, Format Version 12.00
# Visual Studio Version 16
VisualStudioVersion = 25.0.1706.10
MinimumVisualStudioVersion = 10.0.40219.1
Project("{FAE04EC0-301F-11D3-BF4B-00C04F79EFBC}") = "User.Management.API", "User.Management.API\User.Management.API.csproj", "{C3AF15A1-E830-4008-A9F4-A263FE2AFAAB}"
EndProject
Project("{FAE04EC0-301F-11D3-BF4B-00C04F79EFBC}") = "User.Management.Service", "User.Management.Service\User.Management.Service.csproj", "{399357DA-4D03-4567-8E01-77005B93CA78}"
EndProject
Global
	GlobalSection(SolutionConfigurationPlatforms) = preSolution
		Debug|Any CPU = Debug|Any CPU
		Release|Any CPU = Release|Any CPU
	EndGlobalSection
	GlobalSection(ProjectConfigurationPlatforms) = postSolution
		{C3AF15A1-E830-4008-A9F4-A263FE2AFAAB}.Debug|Any CPU.ActiveCfg = Debug|Any CPU
		{C3AF15A1-E830-4008-A9F4-A263FE2AFAAB}.Debug|Any CPU.Build.0 = Debug|Any CPU
		{C3AF15A1-E830-4008-A9F4-A263FE2AFAAB}.Release|Any CPU.ActiveCfg = Release|Any CPU
		{C3AF15A1-E830-4008-A9F4-A263FE2AFAAB}.Release|Any CPU.Build.0 = Release|Any CPU
		{399357DA-4D03-4567-8E01-77005B93CA78}.Debug|Any CPU.ActiveCfg = Debug|Any CPU
		{399357DA-4D03-4567-8E01-77005B93CA78}.Debug|Any CPU.Build.0 = Debug|Any CPU
		{399357DA-4D03-4567-8E01-77005B93CA78}.Release|Any CPU.ActiveCfg = Release|Any CPU
		{399357DA-4D03-4567-8E01-77005B93CA78}.Release|Any CPU.Build.0 = Release|Any CPU
	EndGlobalSection
	GlobalSection(SolutionProperties) = preSolution
		HideSolutionNode = FALSE
	EndGlobalSection
	GlobalSection(ExtensibilityGlobals) = postSolution
		SolutionGuid = {28925D93-F845-4CE1-9160-3C256AB888D9}
	EndGlobalSection
EndGlobal
